<?xml version="1.0" encoding="utf-8"?>
<Project ToolsVersion="4.0" xmlns="http://schemas.microsoft.com/developer/msbuild/2003">
  <ItemGroup>
    <Filter Include="Source Files">
      <UniqueIdentifier>{4FC737F1-C7A5-4376-A066-2A32D752A2FF}</UniqueIdentifier>
      <Extensions>cpp;c;cc;cxx;def;odl;idl;hpj;bat;asm;asmx</Extensions>
    </Filter>
    <Filter Include="Header Files">
      <UniqueIdentifier>{93995380-89BD-4b04-88EB-625FBE52EBFB}</UniqueIdentifier>
      <Extensions>h;hh;hpp;hxx;hm;inl;inc;xsd</Extensions>
    </Filter>
    <Filter Include="Resource Files">
      <UniqueIdentifier>{67DA6AB6-F800-4c08-8B7A-83BB121AAD01}</UniqueIdentifier>
      <Extensions>rc;ico;cur;bmp;dlg;rc2;rct;bin;rgs;gif;jpg;jpeg;jpe;resx;tiff;tif;png;wav;mfcribbon-ms</Extensions>
    </Filter>
    <Filter Include="Source Files\Algorithms">
      <UniqueIdentifier>{49fb7df2-900e-4872-a4bd-45fc0b3dc91a}</UniqueIdentifier>
    </Filter>
    <Filter Include="Header Files\Algorithms">
      <UniqueIdentifier>{3905cc2f-f4bd-475f-a446-56814197d86a}</UniqueIdentifier>
    </Filter>
    <Filter Include="Header Files\Geometry">
      <UniqueIdentifier>{a9f7ad60-8654-4606-91cf-1cf07ecc2e0d}</UniqueIdentifier>
    </Filter>
    <Filter Include="Source Files\Geometry">
      <UniqueIdentifier>{b970dca0-6110-4032-b2a3-9838fd2120a2}</UniqueIdentifier>
    </Filter>
    <Filter Include="Header Files\Scene">
      <UniqueIdentifier>{dbfe41ab-5883-4c86-a347-61eb63b9b0bb}</UniqueIdentifier>
    </Filter>
    <Filter Include="Source Files\Scene">
      <UniqueIdentifier>{dcc1390f-fe58-4fe4-881d-b3d13af17c6f}</UniqueIdentifier>
    </Filter>
    <Filter Include="Header Files\Shading">
      <UniqueIdentifier>{d845ab5b-d281-41d2-8894-0ae44113a33d}</UniqueIdentifier>
    </Filter>
    <Filter Include="Source Files\Shading">
      <UniqueIdentifier>{1eec99d6-8a7c-4e94-9f65-6d321e16e1f5}</UniqueIdentifier>
    </Filter>
    <Filter Include="Header Files\Lighting">
      <UniqueIdentifier>{42133383-c8e3-4d2c-96ee-e8513a955ac9}</UniqueIdentifier>
    </Filter>
    <Filter Include="Source Files\Lighting">
      <UniqueIdentifier>{b1ed44e6-33f9-41a9-a1db-8bb0052f9a13}</UniqueIdentifier>
    </Filter>
    <Filter Include="Source Files\Textures">
      <UniqueIdentifier>{10788640-d9a4-40e2-ab8c-2e0b39682e30}</UniqueIdentifier>
    </Filter>
    <Filter Include="Header Files\Textures">
      <UniqueIdentifier>{0c021d25-75ef-487d-b9a6-cc5cf691d76c}</UniqueIdentifier>
    </Filter>
    <Filter Include="Header Files\IO">
      <UniqueIdentifier>{0deab9df-5fcb-4579-b705-4364c4d3ecff}</UniqueIdentifier>
    </Filter>
    <Filter Include="Source Files\IO">
      <UniqueIdentifier>{b685589c-9ce4-4c0d-ba36-e5608ab570f2}</UniqueIdentifier>
    </Filter>
  </ItemGroup>
  <ItemGroup>
    <ClInclude Include="stdafx.h">
      <Filter>Header Files</Filter>
    </ClInclude>
    <ClInclude Include="targetver.h">
      <Filter>Header Files</Filter>
    </ClInclude>
    <ClInclude Include="Renderer.h">
      <Filter>Header Files</Filter>
    </ClInclude>
    <ClInclude Include="Image.h">
      <Filter>Header Files</Filter>
    </ClInclude>
    <ClInclude Include="Colour.h">
      <Filter>Header Files</Filter>
    </ClInclude>
    <ClInclude Include="Algorithm.h">
      <Filter>Header Files\Algorithms</Filter>
    </ClInclude>
    <ClInclude Include="Random.h">
      <Filter>Header Files\Algorithms</Filter>
    </ClInclude>
    <ClInclude Include="Gradient.h">
      <Filter>Header Files\Algorithms</Filter>
    </ClInclude>
    <ClInclude Include="Point.h">
      <Filter>Header Files\Geometry</Filter>
    </ClInclude>
    <ClInclude Include="Vector.h">
      <Filter>Header Files\Geometry</Filter>
    </ClInclude>
    <ClInclude Include="Ray.h">
      <Filter>Header Files\Geometry</Filter>
    </ClInclude>
    <ClInclude Include="Sphere.h">
      <Filter>Header Files\Geometry</Filter>
    </ClInclude>
    <ClInclude Include="Scene.h">
      <Filter>Header Files\Scene</Filter>
    </ClInclude>
    <ClInclude Include="RayTracing.h">
      <Filter>Header Files\Algorithms</Filter>
    </ClInclude>
    <ClInclude Include="Intersection.h">
      <Filter>Header Files\Geometry</Filter>
    </ClInclude>
    <ClInclude Include="ShadingModel.h">
      <Filter>Header Files\Shading</Filter>
    </ClInclude>
    <ClInclude Include="Uniform.h">
      <Filter>Header Files\Shading</Filter>
    </ClInclude>
    <ClInclude Include="Lambertian.h">
      <Filter>Header Files\Shading</Filter>
    </ClInclude>
    <ClInclude Include="Plane.h">
      <Filter>Header Files\Geometry</Filter>
    </ClInclude>
    <ClInclude Include="Light.h">
      <Filter>Header Files\Lighting</Filter>
    </ClInclude>
    <ClInclude Include="PointLight.h">
      <Filter>Header Files\Lighting</Filter>
    </ClInclude>
    <ClInclude Include="Attenuation.h">
      <Filter>Header Files\Lighting</Filter>
    </ClInclude>
    <ClInclude Include="Chequerboard.h">
      <Filter>Header Files\Textures</Filter>
    </ClInclude>
    <ClInclude Include="SkyGradient.h">
      <Filter>Header Files\Textures</Filter>
    </ClInclude>
    <ClInclude Include="Texture.h">
      <Filter>Header Files\Textures</Filter>
    </ClInclude>
    <ClInclude Include="Material.h">
      <Filter>Header Files</Filter>
    </ClInclude>
    <ClInclude Include="Phong.h">
      <Filter>Header Files\Shading</Filter>
    </ClInclude>
    <ClInclude Include="Solid.h">
      <Filter>Header Files\Geometry</Filter>
    </ClInclude>
    <ClInclude Include="Object.h">
      <Filter>Header Files\Scene</Filter>
    </ClInclude>
    <ClInclude Include="Flat.h">
      <Filter>Header Files\Textures</Filter>
    </ClInclude>
    <ClInclude Include="ObjectIntersection.h">
      <Filter>Header Files\Scene</Filter>
    </ClInclude>
    <ClInclude Include="SurfacePoint.h">
      <Filter>Header Files\Shading</Filter>
    </ClInclude>
    <ClInclude Include="Verify.h">
      <Filter>Header Files</Filter>
    </ClInclude>
    <ClInclude Include="AxisAlignedBox.h">
      <Filter>Header Files\Geometry</Filter>
    </ClInclude>
    <ClInclude Include="Doubles.h">
      <Filter>Header Files</Filter>
    </ClInclude>
    <ClInclude Include="Triangle.h">
      <Filter>Header Files\Geometry</Filter>
    </ClInclude>
    <ClInclude Include="Mesh.h">
      <Filter>Header Files\Geometry</Filter>
    </ClInclude>
    <ClInclude Include="ObjFile.h">
      <Filter>Header Files\IO</Filter>
    </ClInclude>
  </ItemGroup>
  <ItemGroup>
    <ClCompile Include="stdafx.cpp">
      <Filter>Source Files</Filter>
    </ClCompile>
    <ClCompile Include="Renderer.cpp">
      <Filter>Source Files</Filter>
    </ClCompile>
    <ClCompile Include="Image.cpp">
      <Filter>Source Files</Filter>
    </ClCompile>
    <ClCompile Include="Colour.cpp">
      <Filter>Source Files</Filter>
    </ClCompile>
    <ClCompile Include="Gradient.cpp">
      <Filter>Source Files\Algorithms</Filter>
    </ClCompile>
    <ClCompile Include="Random.cpp">
      <Filter>Source Files\Algorithms</Filter>
    </ClCompile>
    <ClCompile Include="Point.cpp">
      <Filter>Source Files\Geometry</Filter>
    </ClCompile>
    <ClCompile Include="Vector.cpp">
      <Filter>Source Files\Geometry</Filter>
    </ClCompile>
    <ClCompile Include="Ray.cpp">
      <Filter>Source Files\Geometry</Filter>
    </ClCompile>
    <ClCompile Include="Sphere.cpp">
      <Filter>Source Files\Geometry</Filter>
    </ClCompile>
    <ClCompile Include="Scene.cpp">
      <Filter>Source Files\Scene</Filter>
    </ClCompile>
    <ClCompile Include="RayTracing.cpp">
      <Filter>Source Files\Algorithms</Filter>
    </ClCompile>
    <ClCompile Include="Intersection.cpp">
      <Filter>Source Files\Geometry</Filter>
    </ClCompile>
    <ClCompile Include="Uniform.cpp">
      <Filter>Source Files\Shading</Filter>
    </ClCompile>
    <ClCompile Include="Lambertian.cpp">
      <Filter>Source Files\Shading</Filter>
    </ClCompile>
    <ClCompile Include="Plane.cpp">
      <Filter>Source Files\Geometry</Filter>
    </ClCompile>
    <ClCompile Include="Light.cpp">
      <Filter>Source Files\Lighting</Filter>
    </ClCompile>
    <ClCompile Include="PointLight.cpp">
      <Filter>Source Files\Lighting</Filter>
    </ClCompile>
    <ClCompile Include="Attenuation.cpp">
      <Filter>Source Files\Lighting</Filter>
    </ClCompile>
    <ClCompile Include="Chequerboard.cpp">
      <Filter>Source Files\Textures</Filter>
    </ClCompile>
    <ClCompile Include="SkyGradient.cpp">
      <Filter>Source Files\Textures</Filter>
    </ClCompile>
    <ClCompile Include="Material.cpp">
      <Filter>Source Files</Filter>
    </ClCompile>
    <ClCompile Include="Phong.cpp">
      <Filter>Source Files\Shading</Filter>
    </ClCompile>
    <ClCompile Include="Object.cpp">
      <Filter>Source Files\Scene</Filter>
    </ClCompile>
    <ClCompile Include="Flat.cpp">
      <Filter>Source Files\Textures</Filter>
    </ClCompile>
    <ClCompile Include="ObjectIntersection.cpp">
      <Filter>Source Files\Scene</Filter>
    </ClCompile>
    <ClCompile Include="SurfacePoint.cpp">
      <Filter>Source Files\Shading</Filter>
    </ClCompile>
    <ClCompile Include="AxisAlignedBox.cpp">
      <Filter>Source Files\Geometry</Filter>
    </ClCompile>
    <ClCompile Include="Triangle.cpp">
      <Filter>Source Files\Geometry</Filter>
    </ClCompile>
    <ClCompile Include="Mesh.cpp">
      <Filter>Source Files\Geometry</Filter>
    </ClCompile>
    <ClCompile Include="ObjFile.cpp">
      <Filter>Source Files\IO</Filter>
    </ClCompile>
  </ItemGroup>
  <ItemGroup>
    <Natvis Include="DebugVisualization.natvis" />
  </ItemGroup>
</Project>